
Microsoft Visual Studio Solution File, Format Version 12.00
# Visual Studio Version 17
VisualStudioVersion = 17.9.34607.119
MinimumVisualStudioVersion = 10.0.40219.1
Project("{FAE04EC0-301F-11D3-BF4B-00C04F79EFBC}") = "ProyectoDeAulaVista4.7.2", "ProyectoDeAulaVista4.7.2\ProyectoDeAulaVista4.7.2.csproj", "{97732C73-1B3E-47C5-B9BA-EE788EE5A7C3}"
EndProject
Project("{FAE04EC0-301F-11D3-BF4B-00C04F79EFBC}") = "BLL", "BLL\BLL.csproj", "{2E3A7CF8-E7C9-4E26-B2B1-73F21EBC8678}"
EndProject
Project("{FAE04EC0-301F-11D3-BF4B-00C04F79EFBC}") = "DAL", "DAL\DAL.csproj", "{788C5F8B-9CB0-42EC-81DB-03229181F58D}"
EndProject
Project("{FAE04EC0-301F-11D3-BF4B-00C04F79EFBC}") = "Entity", "Entity\Entity.csproj", "{07B0C6E1-07BB-46F2-92C6-93B6E268E569}"
EndProject
Global
	GlobalSection(SolutionConfigurationPlatforms) = preSolution
		Debug|Any CPU = Debug|Any CPU
		Release|Any CPU = Release|Any CPU
	EndGlobalSection
	GlobalSection(ProjectConfigurationPlatforms) = postSolution
		{97732C73-1B3E-47C5-B9BA-EE788EE5A7C3}.Debug|Any CPU.ActiveCfg = Debug|Any CPU
		{97732C73-1B3E-47C5-B9BA-EE788EE5A7C3}.Debug|Any CPU.Build.0 = Debug|Any CPU
		{97732C73-1B3E-47C5-B9BA-EE788EE5A7C3}.Release|Any CPU.ActiveCfg = Release|Any CPU
		{97732C73-1B3E-47C5-B9BA-EE788EE5A7C3}.Release|Any CPU.Build.0 = Release|Any CPU
		{2E3A7CF8-E7C9-4E26-B2B1-73F21EBC8678}.Debug|Any CPU.ActiveCfg = Debug|Any CPU
		{2E3A7CF8-E7C9-4E26-B2B1-73F21EBC8678}.Debug|Any CPU.Build.0 = Debug|Any CPU
		{2E3A7CF8-E7C9-4E26-B2B1-73F21EBC8678}.Release|Any CPU.ActiveCfg = Release|Any CPU
		{2E3A7CF8-E7C9-4E26-B2B1-73F21EBC8678}.Release|Any CPU.Build.0 = Release|Any CPU
		{788C5F8B-9CB0-42EC-81DB-03229181F58D}.Debug|Any CPU.ActiveCfg = Debug|Any CPU
		{788C5F8B-9CB0-42EC-81DB-03229181F58D}.Debug|Any CPU.Build.0 = Debug|Any CPU
		{788C5F8B-9CB0-42EC-81DB-03229181F58D}.Release|Any CPU.ActiveCfg = Release|Any CPU
		{788C5F8B-9CB0-42EC-81DB-03229181F58D}.Release|Any CPU.Build.0 = Release|Any CPU
		{07B0C6E1-07BB-46F2-92C6-93B6E268E569}.Debug|Any CPU.ActiveCfg = Debug|Any CPU
		{07B0C6E1-07BB-46F2-92C6-93B6E268E569}.Debug|Any CPU.Build.0 = Debug|Any CPU
		{07B0C6E1-07BB-46F2-92C6-93B6E268E569}.Release|Any CPU.ActiveCfg = Release|Any CPU
		{07B0C6E1-07BB-46F2-92C6-93B6E268E569}.Release|Any CPU.Build.0 = Release|Any CPU
	EndGlobalSection
	GlobalSection(SolutionProperties) = preSolution
		HideSolutionNode = FALSE
	EndGlobalSection
	GlobalSection(ExtensibilityGlobals) = postSolution
		SolutionGuid = {5EFD2120-AA46-4BC4-B1A2-89C4582AF1E9}
	EndGlobalSection
EndGlobal
