
Microsoft Visual Studio Solution File, Format Version 12.00
# Visual Studio Version 17
VisualStudioVersion = 17.9.34607.119
MinimumVisualStudioVersion = 10.0.40219.1
Project("{FAE04EC0-301F-11D3-BF4B-00C04F79EFBC}") = "ProyectoAulaVista4.8.1", "ProyectoAulaVista4.8.1\ProyectoAulaVista4.8.1.csproj", "{9D6D8CD0-FD70-4AA8-9A9F-DDDBF077F4FF}"
EndProject
Project("{FAE04EC0-301F-11D3-BF4B-00C04F79EFBC}") = "BLL", "BLL\BLL.csproj", "{599AB50E-A69D-4764-AACA-587E4ACE8988}"
EndProject
Project("{FAE04EC0-301F-11D3-BF4B-00C04F79EFBC}") = "DALL", "DALL\DALL.csproj", "{E3361118-65DC-4B25-B722-85CE0F7E8F07}"
EndProject
Project("{FAE04EC0-301F-11D3-BF4B-00C04F79EFBC}") = "Entity", "Entity\Entity.csproj", "{203EECB9-2937-4CFD-889C-50486D327E14}"
EndProject
Global
	GlobalSection(SolutionConfigurationPlatforms) = preSolution
		Debug|Any CPU = Debug|Any CPU
		Release|Any CPU = Release|Any CPU
	EndGlobalSection
	GlobalSection(ProjectConfigurationPlatforms) = postSolution
		{9D6D8CD0-FD70-4AA8-9A9F-DDDBF077F4FF}.Debug|Any CPU.ActiveCfg = Debug|Any CPU
		{9D6D8CD0-FD70-4AA8-9A9F-DDDBF077F4FF}.Debug|Any CPU.Build.0 = Debug|Any CPU
		{9D6D8CD0-FD70-4AA8-9A9F-DDDBF077F4FF}.Release|Any CPU.ActiveCfg = Release|Any CPU
		{9D6D8CD0-FD70-4AA8-9A9F-DDDBF077F4FF}.Release|Any CPU.Build.0 = Release|Any CPU
		{599AB50E-A69D-4764-AACA-587E4ACE8988}.Debug|Any CPU.ActiveCfg = Debug|Any CPU
		{599AB50E-A69D-4764-AACA-587E4ACE8988}.Debug|Any CPU.Build.0 = Debug|Any CPU
		{599AB50E-A69D-4764-AACA-587E4ACE8988}.Release|Any CPU.ActiveCfg = Release|Any CPU
		{599AB50E-A69D-4764-AACA-587E4ACE8988}.Release|Any CPU.Build.0 = Release|Any CPU
		{E3361118-65DC-4B25-B722-85CE0F7E8F07}.Debug|Any CPU.ActiveCfg = Debug|Any CPU
		{E3361118-65DC-4B25-B722-85CE0F7E8F07}.Debug|Any CPU.Build.0 = Debug|Any CPU
		{E3361118-65DC-4B25-B722-85CE0F7E8F07}.Release|Any CPU.ActiveCfg = Release|Any CPU
		{E3361118-65DC-4B25-B722-85CE0F7E8F07}.Release|Any CPU.Build.0 = Release|Any CPU
		{203EECB9-2937-4CFD-889C-50486D327E14}.Debug|Any CPU.ActiveCfg = Debug|Any CPU
		{203EECB9-2937-4CFD-889C-50486D327E14}.Debug|Any CPU.Build.0 = Debug|Any CPU
		{203EECB9-2937-4CFD-889C-50486D327E14}.Release|Any CPU.ActiveCfg = Release|Any CPU
		{203EECB9-2937-4CFD-889C-50486D327E14}.Release|Any CPU.Build.0 = Release|Any CPU
	EndGlobalSection
	GlobalSection(SolutionProperties) = preSolution
		HideSolutionNode = FALSE
	EndGlobalSection
	GlobalSection(ExtensibilityGlobals) = postSolution
		SolutionGuid = {C79664CC-7A42-4306-B753-0726BE396584}
	EndGlobalSection
EndGlobal
