
Microsoft Visual Studio Solution File, Format Version 12.00
# Visual Studio Version 17
VisualStudioVersion = 17.9.34607.119
MinimumVisualStudioVersion = 10.0.40219.1
Project("{FAE04EC0-301F-11D3-BF4B-00C04F79EFBC}") = "Vista", "Vista\Vista.csproj", "{AADA34C5-DC75-4815-A448-781AB91A7BD0}"
EndProject
Project("{FAE04EC0-301F-11D3-BF4B-00C04F79EFBC}") = "Logica", "Logica\Logica.csproj", "{B4D1740B-7E5D-4811-92A4-1A21BA46B0FB}"
EndProject
Project("{FAE04EC0-301F-11D3-BF4B-00C04F79EFBC}") = "Entity", "Entity\Entity.csproj", "{CEFEF38E-2A6A-49CB-BFA5-6C5575F28C00}"
EndProject
Project("{FAE04EC0-301F-11D3-BF4B-00C04F79EFBC}") = "Datos", "Datos\Datos.csproj", "{EE95D315-869A-4E9D-A614-E88EC45BD51F}"
EndProject
Global
	GlobalSection(SolutionConfigurationPlatforms) = preSolution
		Debug|Any CPU = Debug|Any CPU
		Release|Any CPU = Release|Any CPU
	EndGlobalSection
	GlobalSection(ProjectConfigurationPlatforms) = postSolution
		{AADA34C5-DC75-4815-A448-781AB91A7BD0}.Debug|Any CPU.ActiveCfg = Debug|Any CPU
		{AADA34C5-DC75-4815-A448-781AB91A7BD0}.Debug|Any CPU.Build.0 = Debug|Any CPU
		{AADA34C5-DC75-4815-A448-781AB91A7BD0}.Release|Any CPU.ActiveCfg = Release|Any CPU
		{AADA34C5-DC75-4815-A448-781AB91A7BD0}.Release|Any CPU.Build.0 = Release|Any CPU
		{B4D1740B-7E5D-4811-92A4-1A21BA46B0FB}.Debug|Any CPU.ActiveCfg = Debug|Any CPU
		{B4D1740B-7E5D-4811-92A4-1A21BA46B0FB}.Debug|Any CPU.Build.0 = Debug|Any CPU
		{B4D1740B-7E5D-4811-92A4-1A21BA46B0FB}.Release|Any CPU.ActiveCfg = Release|Any CPU
		{B4D1740B-7E5D-4811-92A4-1A21BA46B0FB}.Release|Any CPU.Build.0 = Release|Any CPU
		{CEFEF38E-2A6A-49CB-BFA5-6C5575F28C00}.Debug|Any CPU.ActiveCfg = Debug|Any CPU
		{CEFEF38E-2A6A-49CB-BFA5-6C5575F28C00}.Debug|Any CPU.Build.0 = Debug|Any CPU
		{CEFEF38E-2A6A-49CB-BFA5-6C5575F28C00}.Release|Any CPU.ActiveCfg = Release|Any CPU
		{CEFEF38E-2A6A-49CB-BFA5-6C5575F28C00}.Release|Any CPU.Build.0 = Release|Any CPU
		{EE95D315-869A-4E9D-A614-E88EC45BD51F}.Debug|Any CPU.ActiveCfg = Debug|Any CPU
		{EE95D315-869A-4E9D-A614-E88EC45BD51F}.Debug|Any CPU.Build.0 = Debug|Any CPU
		{EE95D315-869A-4E9D-A614-E88EC45BD51F}.Release|Any CPU.ActiveCfg = Release|Any CPU
		{EE95D315-869A-4E9D-A614-E88EC45BD51F}.Release|Any CPU.Build.0 = Release|Any CPU
	EndGlobalSection
	GlobalSection(SolutionProperties) = preSolution
		HideSolutionNode = FALSE
	EndGlobalSection
	GlobalSection(ExtensibilityGlobals) = postSolution
		SolutionGuid = {C7DF3D6B-EE06-4132-82F4-D7F94ABBFA59}
	EndGlobalSection
EndGlobal
